
Microsoft Visual Studio Solution File, Format Version 12.00
# Visual Studio 15
Project("{FAE04EC0-301F-11D3-BF4B-00C04F79EFBC}") = "testCarousel.Android", "testCarousel.Android\testCarousel.Android.csproj", "{E16F08A9-1E89-4942-AE23-D88F673A988A}"
EndProject
Project("{FAE04EC0-301F-11D3-BF4B-00C04F79EFBC}") = "testCarousel.iOS", "testCarousel.iOS\testCarousel.iOS.csproj", "{413943B4-0E90-44EF-B4A0-AE056EB7F09C}"
EndProject
Project("{FAE04EC0-301F-11D3-BF4B-00C04F79EFBC}") = "testCarousel", "testCarousel\testCarousel.csproj", "{8A32F975-0AC2-459F-9A21-B290BB21BF03}"
EndProject
Global
	GlobalSection(SolutionConfigurationPlatforms) = preSolution
		Debug|Any CPU = Debug|Any CPU
		Release|Any CPU = Release|Any CPU
		Debug|iPhoneSimulator = Debug|iPhoneSimulator
		Release|iPhoneSimulator = Release|iPhoneSimulator
		Debug|iPhone = Debug|iPhone
		Release|iPhone = Release|iPhone
	EndGlobalSection
	GlobalSection(ProjectConfigurationPlatforms) = postSolution
		{E16F08A9-1E89-4942-AE23-D88F673A988A}.Debug|Any CPU.ActiveCfg = Debug|Any CPU
		{E16F08A9-1E89-4942-AE23-D88F673A988A}.Debug|Any CPU.Build.0 = Debug|Any CPU
		{E16F08A9-1E89-4942-AE23-D88F673A988A}.Release|Any CPU.ActiveCfg = Release|Any CPU
		{E16F08A9-1E89-4942-AE23-D88F673A988A}.Release|Any CPU.Build.0 = Release|Any CPU
		{E16F08A9-1E89-4942-AE23-D88F673A988A}.Debug|iPhoneSimulator.ActiveCfg = Debug|Any CPU
		{E16F08A9-1E89-4942-AE23-D88F673A988A}.Debug|iPhoneSimulator.Build.0 = Debug|Any CPU
		{E16F08A9-1E89-4942-AE23-D88F673A988A}.Release|iPhoneSimulator.ActiveCfg = Release|Any CPU
		{E16F08A9-1E89-4942-AE23-D88F673A988A}.Release|iPhoneSimulator.Build.0 = Release|Any CPU
		{E16F08A9-1E89-4942-AE23-D88F673A988A}.Debug|iPhone.ActiveCfg = Debug|Any CPU
		{E16F08A9-1E89-4942-AE23-D88F673A988A}.Debug|iPhone.Build.0 = Debug|Any CPU
		{E16F08A9-1E89-4942-AE23-D88F673A988A}.Release|iPhone.ActiveCfg = Release|Any CPU
		{E16F08A9-1E89-4942-AE23-D88F673A988A}.Release|iPhone.Build.0 = Release|Any CPU
		{413943B4-0E90-44EF-B4A0-AE056EB7F09C}.Debug|Any CPU.ActiveCfg = Debug|iPhoneSimulator
		{413943B4-0E90-44EF-B4A0-AE056EB7F09C}.Debug|Any CPU.Build.0 = Debug|iPhoneSimulator
		{413943B4-0E90-44EF-B4A0-AE056EB7F09C}.Release|Any CPU.ActiveCfg = Release|iPhoneSimulator
		{413943B4-0E90-44EF-B4A0-AE056EB7F09C}.Release|Any CPU.Build.0 = Release|iPhoneSimulator
		{413943B4-0E90-44EF-B4A0-AE056EB7F09C}.Debug|iPhoneSimulator.ActiveCfg = Debug|iPhoneSimulator
		{413943B4-0E90-44EF-B4A0-AE056EB7F09C}.Debug|iPhoneSimulator.Build.0 = Debug|iPhoneSimulator
		{413943B4-0E90-44EF-B4A0-AE056EB7F09C}.Release|iPhoneSimulator.ActiveCfg = Release|iPhoneSimulator
		{413943B4-0E90-44EF-B4A0-AE056EB7F09C}.Release|iPhoneSimulator.Build.0 = Release|iPhoneSimulator
		{413943B4-0E90-44EF-B4A0-AE056EB7F09C}.Debug|iPhone.ActiveCfg = Debug|iPhone
		{413943B4-0E90-44EF-B4A0-AE056EB7F09C}.Debug|iPhone.Build.0 = Debug|iPhone
		{413943B4-0E90-44EF-B4A0-AE056EB7F09C}.Release|iPhone.ActiveCfg = Release|iPhone
		{413943B4-0E90-44EF-B4A0-AE056EB7F09C}.Release|iPhone.Build.0 = Release|iPhone
		{8A32F975-0AC2-459F-9A21-B290BB21BF03}.Debug|Any CPU.ActiveCfg = Debug|Any CPU
		{8A32F975-0AC2-459F-9A21-B290BB21BF03}.Debug|Any CPU.Build.0 = Debug|Any CPU
		{8A32F975-0AC2-459F-9A21-B290BB21BF03}.Release|Any CPU.ActiveCfg = Release|Any CPU
		{8A32F975-0AC2-459F-9A21-B290BB21BF03}.Release|Any CPU.Build.0 = Release|Any CPU
		{8A32F975-0AC2-459F-9A21-B290BB21BF03}.Debug|iPhoneSimulator.ActiveCfg = Debug|Any CPU
		{8A32F975-0AC2-459F-9A21-B290BB21BF03}.Debug|iPhoneSimulator.Build.0 = Debug|Any CPU
		{8A32F975-0AC2-459F-9A21-B290BB21BF03}.Release|iPhoneSimulator.ActiveCfg = Release|Any CPU
		{8A32F975-0AC2-459F-9A21-B290BB21BF03}.Release|iPhoneSimulator.Build.0 = Release|Any CPU
		{8A32F975-0AC2-459F-9A21-B290BB21BF03}.Debug|iPhone.ActiveCfg = Debug|Any CPU
		{8A32F975-0AC2-459F-9A21-B290BB21BF03}.Debug|iPhone.Build.0 = Debug|Any CPU
		{8A32F975-0AC2-459F-9A21-B290BB21BF03}.Release|iPhone.ActiveCfg = Release|Any CPU
		{8A32F975-0AC2-459F-9A21-B290BB21BF03}.Release|iPhone.Build.0 = Release|Any CPU
	EndGlobalSection
EndGlobal
